
Microsoft Visual Studio Solution File, Format Version 12.00
# Visual Studio Version 16
VisualStudioVersion = 16.0.30803.129
MinimumVisualStudioVersion = 10.0.40219.1
Project("{FAE04EC0-301F-11D3-BF4B-00C04F79EFBC}") = "CsharpAdvanced", "CsharpAdvanced\CsharpAdvanced.csproj", "{9CAD92E5-D13F-475C-9DD2-0E75868D4C3C}"
EndProject
Global
	GlobalSection(SolutionConfigurationPlatforms) = preSolution
		Debug|Any CPU = Debug|Any CPU
		Release|Any CPU = Release|Any CPU
	EndGlobalSection
	GlobalSection(ProjectConfigurationPlatforms) = postSolution
		{9CAD92E5-D13F-475C-9DD2-0E75868D4C3C}.Debug|Any CPU.ActiveCfg = Debug|Any CPU
		{9CAD92E5-D13F-475C-9DD2-0E75868D4C3C}.Debug|Any CPU.Build.0 = Debug|Any CPU
		{9CAD92E5-D13F-475C-9DD2-0E75868D4C3C}.Release|Any CPU.ActiveCfg = Release|Any CPU
		{9CAD92E5-D13F-475C-9DD2-0E75868D4C3C}.Release|Any CPU.Build.0 = Release|Any CPU
	EndGlobalSection
	GlobalSection(SolutionProperties) = preSolution
		HideSolutionNode = FALSE
	EndGlobalSection
	GlobalSection(ExtensibilityGlobals) = postSolution
		SolutionGuid = {9F3B029F-7886-4786-B078-5BCF2D316E74}
	EndGlobalSection
EndGlobal
